// !$*UTF8*$!
{
	archiveVersion = 1;
	classes = {
	};
	objectVersion = 50;
	objects = {

/* Begin PBXBuildFile section */
		146BEE62272930E90004D971 /* AppDelegate.swift in Sources */ = {isa = PBXBuildFile; fileRef = 146BEE61272930E90004D971 /* AppDelegate.swift */; };
		146BEE66272930E90004D971 /* ViewController.swift in Sources */ = {isa = PBXBuildFile; fileRef = 146BEE65272930E90004D971 /* ViewController.swift */; };
		146BEE69272930E90004D971 /* Main.storyboard in Resources */ = {isa = PBXBuildFile; fileRef = 146BEE67272930E90004D971 /* Main.storyboard */; };
		146BEE6B272930EB0004D971 /* Assets.xcassets in Resources */ = {isa = PBXBuildFile; fileRef = 146BEE6A272930EB0004D971 /* Assets.xcassets */; };
		146BEE6E272930EB0004D971 /* LaunchScreen.storyboard in Resources */ = {isa = PBXBuildFile; fileRef = 146BEE6C272930EB0004D971 /* LaunchScreen.storyboard */; };
		146BEE76272931A80004D971 /* CustomView.xib in Resources */ = {isa = PBXBuildFile; fileRef = 146BEE75272931A80004D971 /* CustomView.xib */; };
		146BEE792729328C0004D971 /* SwiftAlertView.swift in Sources */ = {isa = PBXBuildFile; fileRef = 146BEE782729328C0004D971 /* SwiftAlertView.swift */; };
/* End PBXBuildFile section */

/* Begin PBXFileReference section */
		146BEE5E272930E90004D971 /* SwiftAlertView.app */ = {isa = PBXFileReference; explicitFileType = wrapper.application; includeInIndex = 0; path = SwiftAlertView.app; sourceTree = BUILT_PRODUCTS_DIR; };
		146BEE61272930E90004D971 /* AppDelegate.swift */ = {isa = PBXFileReference; lastKnownFileType = sourcecode.swift; path = AppDelegate.swift; sourceTree = "<group>"; };
		146BEE65272930E90004D971 /* ViewController.swift */ = {isa = PBXFileReference; lastKnownFileType = sourcecode.swift; path = ViewController.swift; sourceTree = "<group>"; };
		146BEE68272930E90004D971 /* Base */ = {isa = PBXFileReference; lastKnownFileType = file.storyboard; name = Base; path = Base.lproj/Main.storyboard; sourceTree = "<group>"; };
		146BEE6A272930EB0004D971 /* Assets.xcassets */ = {isa = PBXFileReference; lastKnownFileType = folder.assetcatalog; path = Assets.xcassets; sourceTree = "<group>"; };
		146BEE6D272930EB0004D971 /* Base */ = {isa = PBXFileReference; lastKnownFileType = file.storyboard; name = Base; path = Base.lproj/LaunchScreen.storyboard; sourceTree = "<group>"; };
		146BEE6F272930EB0004D971 /* Info.plist */ = {isa = PBXFileReference; lastKnownFileType = text.plist.xml; path = Info.plist; sourceTree = "<group>"; };
		146BEE75272931A80004D971 /* CustomView.xib */ = {isa = PBXFileReference; fileEncoding = 4; lastKnownFileType = file.xib; path = CustomView.xib; sourceTree = "<group>"; };
		146BEE782729328C0004D971 /* SwiftAlertView.swift */ = {isa = PBXFileReference; fileEncoding = 4; lastKnownFileType = sourcecode.swift; path = SwiftAlertView.swift; sourceTree = "<group>"; };
		146BEE7A272932F20004D971 /* Marker Felt.ttf */ = {isa = PBXFileReference; lastKnownFileType = file; path = "Marker Felt.ttf"; sourceTree = "<group>"; };
/* End PBXFileReference section */

/* Begin PBXFrameworksBuildPhase section */
		146BEE5B272930E90004D971 /* Frameworks */ = {
			isa = PBXFrameworksBuildPhase;
			buildActionMask = 2147483647;
			files = (
			);
			runOnlyForDeploymentPostprocessing = 0;
		};
/* End PBXFrameworksBuildPhase section */

/* Begin PBXGroup section */
		146BEE55272930E90004D971 = {
			isa = PBXGroup;
			children = (
				146BEE772729328C0004D971 /* Source */,
				146BEE60272930E90004D971 /* SwiftAlertView */,
				146BEE5F272930E90004D971 /* Products */,
			);
			sourceTree = "<group>";
		};
		146BEE5F272930E90004D971 /* Products */ = {
			isa = PBXGroup;
			children = (
				146BEE5E272930E90004D971 /* SwiftAlertView.app */,
			);
			name = Products;
			sourceTree = "<group>";
		};
		146BEE60272930E90004D971 /* SwiftAlertView */ = {
			isa = PBXGroup;
			children = (
				146BEE61272930E90004D971 /* AppDelegate.swift */,
				146BEE65272930E90004D971 /* ViewController.swift */,
				146BEE67272930E90004D971 /* Main.storyboard */,
				146BEE75272931A80004D971 /* CustomView.xib */,
				146BEE6A272930EB0004D971 /* Assets.xcassets */,
				146BEE7A272932F20004D971 /* Marker Felt.ttf */,
				146BEE6C272930EB0004D971 /* LaunchScreen.storyboard */,
				146BEE6F272930EB0004D971 /* Info.plist */,
			);
			path = SwiftAlertView;
			sourceTree = "<group>";
		};
		146BEE772729328C0004D971 /* Source */ = {
			isa = PBXGroup;
			children = (
				146BEE782729328C0004D971 /* SwiftAlertView.swift */,
			);
			path = Source;
			sourceTree = "<group>";
		};
/* End PBXGroup section */

/* Begin PBXNativeTarget section */
		146BEE5D272930E90004D971 /* SwiftAlertView */ = {
			isa = PBXNativeTarget;
			buildConfigurationList = 146BEE72272930EB0004D971 /* Build configuration list for PBXNativeTarget "SwiftAlertView" */;
			buildPhases = (
				146BEE5A272930E90004D971 /* Sources */,
				146BEE5B272930E90004D971 /* Frameworks */,
				146BEE5C272930E90004D971 /* Resources */,
			);
			buildRules = (
			);
			dependencies = (
			);
			name = SwiftAlertView;
			productName = SwiftAlertView;
			productReference = 146BEE5E272930E90004D971 /* SwiftAlertView.app */;
			productType = "com.apple.product-type.application";
		};
/* End PBXNativeTarget section */

/* Begin PBXProject section */
		146BEE56272930E90004D971 /* Project object */ = {
			isa = PBXProject;
			attributes = {
				LastSwiftUpdateCheck = 1250;
				LastUpgradeCheck = 1250;
				TargetAttributes = {
					146BEE5D272930E90004D971 = {
						CreatedOnToolsVersion = 12.5.1;
					};
				};
			};
			buildConfigurationList = 146BEE59272930E90004D971 /* Build configuration list for PBXProject "SwiftAlertView" */;
			compatibilityVersion = "Xcode 9.3";
			developmentRegion = en;
			hasScannedForEncodings = 0;
			knownRegions = (
				en,
				Base,
			);
			mainGroup = 146BEE55272930E90004D971;
			productRefGroup = 146BEE5F272930E90004D971 /* Products */;
			projectDirPath = "";
			projectRoot = "";
			targets = (
				146BEE5D272930E90004D971 /* SwiftAlertView */,
			);
		};
/* End PBXProject section */

/* Begin PBXResourcesBuildPhase section */
		146BEE5C272930E90004D971 /* Resources */ = {
			isa = PBXResourcesBuildPhase;
			buildActionMask = 2147483647;
			files = (
				146BEE6E272930EB0004D971 /* LaunchScreen.storyboard in Resources */,
				146BEE76272931A80004D971 /* CustomView.xib in Resources */,
				146BEE6B272930EB0004D971 /* Assets.xcassets in Resources */,
				146BEE69272930E90004D971 /* Main.storyboard in Resources */,
			);
			runOnlyForDeploymentPostprocessing = 0;
		};
/* End PBXResourcesBuildPhase section */

/* Begin PBXSourcesBuildPhase section */
		146BEE5A272930E90004D971 /* Sources */ = {
			isa = PBXSourcesBuildPhase;
			buildActionMask = 2147483647;
			files = (
				146BEE792729328C0004D971 /* SwiftAlertView.swift in Sources */,
				146BEE66272930E90004D971 /* ViewController.swift in Sources */,
				146BEE62272930E90004D971 /* AppDelegate.swift in Sources */,
			);
			runOnlyForDeploymentPostprocessing = 0;
		};
/* End PBXSourcesBuildPhase section */

/* Begin PBXVariantGroup section */
		146BEE67272930E90004D971 /* Main.storyboard */ = {
			isa = PBXVariantGroup;
			children = (
				146BEE68272930E90004D971 /* Base */,
			);
			name = Main.storyboard;
			sourceTree = "<group>";
		};
		146BEE6C272930EB0004D971 /* LaunchScreen.storyboard */ = {
			isa = PBXVariantGroup;
			children = (
				146BEE6D272930EB0004D971 /* Base */,
			);
			name = LaunchScreen.storyboard;
			sourceTree = "<group>";
		};
/* End PBXVariantGroup section */

/* Begin XCBuildConfiguration section */
		146BEE70272930EB0004D971 /* Debug */ = {
			isa = XCBuildConfiguration;
			buildSettings = {
				ALWAYS_SEARCH_USER_PATHS = NO;
				CLANG_ANALYZER_NONNULL = YES;
				CLANG_ANALYZER_NUMBER_OBJECT_CONVERSION = YES_AGGRESSIVE;
				CLANG_CXX_LANGUAGE_STANDARD = "gnu++14";
				CLANG_CXX_LIBRARY = "libc++";
				CLANG_ENABLE_MODULES = YES;
				CLANG_ENABLE_OBJC_ARC = YES;
				CLANG_ENABLE_OBJC_WEAK = YES;
				CLANG_WARN_BLOCK_CAPTURE_AUTORELEASING = YES;
				CLANG_WARN_BOOL_CONVERSION = YES;
				CLANG_WARN_COMMA = YES;
				CLANG_WARN_CONSTANT_CONVERSION = YES;
				CLANG_WARN_DEPRECATED_OBJC_IMPLEMENTATIONS = YES;
				CLANG_WARN_DIRECT_OBJC_ISA_USAGE = YES_ERROR;
				CLANG_WARN_DOCUMENTATION_COMMENTS = YES;
				CLANG_WARN_EMPTY_BODY = YES;
				CLANG_WARN_ENUM_CONVERSION = YES;
				CLANG_WARN_INFINITE_RECURSION = YES;
				CLANG_WARN_INT_CONVERSION = YES;
				CLANG_WARN_NON_LITERAL_NULL_CONVERSION = YES;
				CLANG_WARN_OBJC_IMPLICIT_RETAIN_SELF = YES;
				CLANG_WARN_OBJC_LITERAL_CONVERSION = YES;
				CLANG_WARN_OBJC_ROOT_CLASS = YES_ERROR;
				CLANG_WARN_QUOTED_INCLUDE_IN_FRAMEWORK_HEADER = YES;
				CLANG_WARN_RANGE_LOOP_ANALYSIS = YES;
				CLANG_WARN_STRICT_PROTOTYPES = YES;
				CLANG_WARN_SUSPICIOUS_MOVE = YES;
				CLANG_WARN_UNGUARDED_AVAILABILITY = YES_AGGRESSIVE;
				CLANG_WARN_UNREACHABLE_CODE = YES;
				CLANG_WARN__DUPLICATE_METHOD_MATCH = YES;
				COPY_PHASE_STRIP = NO;
				DEBUG_INFORMATION_FORMAT = dwarf;
				ENABLE_STRICT_OBJC_MSGSEND = YES;
				ENABLE_TESTABILITY = YES;
				GCC_C_LANGUAGE_STANDARD = gnu11;
				GCC_DYNAMIC_NO_PIC = NO;
				GCC_NO_COMMON_BLOCKS = YES;
				GCC_OPTIMIZATION_LEVEL = 0;
				GCC_PREPROCESSOR_DEFINITIONS = (
					"DEBUG=1",
					"$(inherited)",
				);
				GCC_WARN_64_TO_32_BIT_CONVERSION = YES;
				GCC_WARN_ABOUT_RETURN_TYPE = YES_ERROR;
				GCC_WARN_UNDECLARED_SELECTOR = YES;
				GCC_WARN_UNINITIALIZED_AUTOS = YES_AGGRESSIVE;
				GCC_WARN_UNUSED_FUNCTION = YES;
				GCC_WARN_UNUSED_VARIABLE = YES;
				IPHONEOS_DEPLOYMENT_TARGET = 14.5;
				MTL_ENABLE_DEBUG_INFO = INCLUDE_SOURCE;
				MTL_FAST_MATH = YES;
				ONLY_ACTIVE_ARCH = YES;
				SDKROOT = iphoneos;
				SWIFT_ACTIVE_COMPILATION_CONDITIONS = DEBUG;
				SWIFT_OPTIMIZATION_LEVEL = "-Onone";
			};
			name = Debug;
		};
		146BEE71272930EB0004D971 /* Release */ = {
			isa = XCBuildConfiguration;
			buildSettings = {
				ALWAYS_SEARCH_USER_PATHS = NO;
				CLANG_ANALYZER_NONNULL = YES;
				CLANG_ANALYZER_NUMBER_OBJECT_CONVERSION = YES_AGGRESSIVE;
				CLANG_CXX_LANGUAGE_STANDARD = "gnu++14";
				CLANG_CXX_LIBRARY = "libc++";
				CLANG_ENABLE_MODULES = YES;
				CLANG_ENABLE_OBJC_ARC = YES;
				CLANG_ENABLE_OBJC_WEAK = YES;
				CLANG_WARN_BLOCK_CAPTURE_AUTORELEASING = YES;
				CLANG_WARN_BOOL_CONVERSION = YES;
				CLANG_WARN_COMMA = YES;
				CLANG_WARN_CONSTANT_CONVERSION = YES;
				CLANG_WARN_DEPRECATED_OBJC_IMPLEMENTATIONS = YES;
				CLANG_WARN_DIRECT_OBJC_ISA_USAGE = YES_ERROR;
				CLANG_WARN_DOCUMENTATION_COMMENTS = YES;
				CLANG_WARN_EMPTY_BODY = YES;
				CLANG_WARN_ENUM_CONVERSION = YES;
				CLANG_WARN_INFINITE_RECURSION = YES;
				CLANG_WARN_INT_CONVERSION = YES;
				CLANG_WARN_NON_LITERAL_NULL_CONVERSION = YES;
				CLANG_WARN_OBJC_IMPLICIT_RETAIN_SELF = YES;
				CLANG_WARN_OBJC_LITERAL_CONVERSION = YES;
				CLANG_WARN_OBJC_ROOT_CLASS = YES_ERROR;
				CLANG_WARN_QUOTED_INCLUDE_IN_FRAMEWORK_HEADER = YES;
				CLANG_WARN_RANGE_LOOP_ANALYSIS = YES;
				CLANG_WARN_STRICT_PROTOTYPES = YES;
				CLANG_WARN_SUSPICIOUS_MOVE = YES;
				CLANG_WARN_UNGUARDED_AVAILABILITY = YES_AGGRESSIVE;
				CLANG_WARN_UNREACHABLE_CODE = YES;
				CLANG_WARN__DUPLICATE_METHOD_MATCH = YES;
				COPY_PHASE_STRIP = NO;
				DEBUG_INFORMATION_FORMAT = "dwarf-with-dsym";
				ENABLE_NS_ASSERTIONS = NO;
				ENABLE_STRICT_OBJC_MSGSEND = YES;
				GCC_C_LANGUAGE_STANDARD = gnu11;
				GCC_NO_COMMON_BLOCKS = YES;
				GCC_WARN_64_TO_32_BIT_CONVERSION = YES;
				GCC_WARN_ABOUT_RETURN_TYPE = YES_ERROR;
				GCC_WARN_UNDECLARED_SELECTOR = YES;
				GCC_WARN_UNINITIALIZED_AUTOS = YES_AGGRESSIVE;
				GCC_WARN_UNUSED_FUNCTION = YES;
				GCC_WARN_UNUSED_VARIABLE = YES;
				IPHONEOS_DEPLOYMENT_TARGET = 14.5;
				MTL_ENABLE_DEBUG_INFO = NO;
				MTL_FAST_MATH = YES;
				SDKROOT = iphoneos;
				SWIFT_COMPILATION_MODE = wholemodule;
				SWIFT_OPTIMIZATION_LEVEL = "-O";
				VALIDATE_PRODUCT = YES;
			};
			name = Release;
		};
		146BEE73272930EB0004D971 /* Debug */ = {
			isa = XCBuildConfiguration;
			buildSettings = {
				ASSETCATALOG_COMPILER_APPICON_NAME = AppIcon;
				ASSETCATALOG_COMPILER_GLOBAL_ACCENT_COLOR_NAME = AccentColor;
				CODE_SIGN_STYLE = Automatic;
				INFOPLIST_FILE = SwiftAlertView/Info.plist;
				LD_RUNPATH_SEARCH_PATHS = (
					"$(inherited)",
					"@executable_path/Frameworks",
				);
				PRODUCT_BUNDLE_IDENTIFIER = com.dinhquan.SwiftAlertView;
				PRODUCT_NAME = "$(TARGET_NAME)";
				SWIFT_VERSION = 5.0;
				TARGETED_DEVICE_FAMILY = "1,2";
			};
			name = Debug;
		};
		146BEE74272930EB0004D971 /* Release */ = {
			isa = XCBuildConfiguration;
			buildSettings = {
				ASSETCATALOG_COMPILER_APPICON_NAME = AppIcon;
				ASSETCATALOG_COMPILER_GLOBAL_ACCENT_COLOR_NAME = AccentColor;
				CODE_SIGN_STYLE = Automatic;
				INFOPLIST_FILE = SwiftAlertView/Info.plist;
				LD_RUNPATH_SEARCH_PATHS = (
					"$(inherited)",
					"@executable_path/Frameworks",
				);
				PRODUCT_BUNDLE_IDENTIFIER = com.dinhquan.SwiftAlertView;
				PRODUCT_NAME = "$(TARGET_NAME)";
				SWIFT_VERSION = 5.0;
				TARGETED_DEVICE_FAMILY = "1,2";
			};
			name = Release;
		};
/* End XCBuildConfiguration section */

/* Begin XCConfigurationList section */
		146BEE59272930E90004D971 /* Build configuration list for PBXProject "SwiftAlertView" */ = {
			isa = XCConfigurationList;
			buildConfigurations = (
				146BEE70272930EB0004D971 /* Debug */,
				146BEE71272930EB0004D971 /* Release */,
			);
			defaultConfigurationIsVisible = 0;
			defaultConfigurationName = Release;
		};
		146BEE72272930EB0004D971 /* Build configuration list for PBXNativeTarget "SwiftAlertView" */ = {
			isa = XCConfigurationList;
			buildConfigurations = (
				146BEE73272930EB0004D971 /* Debug */,
				146BEE74272930EB0004D971 /* Release */,
			);
			defaultConfigurationIsVisible = 0;
			defaultConfigurationName = Release;
		};
/* End XCConfigurationList section */
	};
	rootObject = 146BEE56272930E90004D971 /* Project object */;
}
